// !$*UTF8*$!
{
	archiveVersion = 1;
	classes = {
	};
	objectVersion = 46;
	objects = {

/* Begin PBXBuildFile section */
		2FA976CE1A87EDF900E0024E /* Bundle.swift in Sources */ = {isa = PBXBuildFile; fileRef = 2FA976CD1A87EDF900E0024E /* Bundle.swift */; };
		2FA976D31A87F07A00E0024E /* ProductTableViewCell.xib in Resources */ = {isa = PBXBuildFile; fileRef = 2FA976D21A87F07A00E0024E /* ProductTableViewCell.xib */; };
		2FA976D51A87F1C000E0024E /* LocalAuthentication.framework in Frameworks */ = {isa = PBXBuildFile; fileRef = 2FA976D41A87F1C000E0024E /* LocalAuthentication.framework */; };
		76EAC0A11A8707C700484059 /* ProductPull.swift in Sources */ = {isa = PBXBuildFile; fileRef = 76EAC0A01A8707C700484059 /* ProductPull.swift */; };
		8F110DA11A87E83500D0D292 /* Alamofire.framework in Frameworks */ = {isa = PBXBuildFile; fileRef = 8F110D981A87E64500D0D292 /* Alamofire.framework */; };
		8F110DA21A87E86F00D0D292 /* Alamofire.framework in Frameworks */ = {isa = PBXBuildFile; fileRef = 8F110D981A87E64500D0D292 /* Alamofire.framework */; };
		8F110DA31A87E86F00D0D292 /* Alamofire.framework in Embed Frameworks */ = {isa = PBXBuildFile; fileRef = 8F110D981A87E64500D0D292 /* Alamofire.framework */; settings = {ATTRIBUTES = (CodeSignOnCopy, RemoveHeadersOnCopy, ); }; };
		8F110DA91A87EA3F00D0D292 /* NewBundleViewController.swift in Sources */ = {isa = PBXBuildFile; fileRef = 8F110DA81A87EA3F00D0D292 /* NewBundleViewController.swift */; };
		8F2B60CE1A87F3F200633699 /* Bundle.swift in Sources */ = {isa = PBXBuildFile; fileRef = 8F2B60CD1A87F3F200633699 /* Bundle.swift */; };
		8FB13B381A86E877009689D7 /* AppDelegate.swift in Sources */ = {isa = PBXBuildFile; fileRef = 8FB13B371A86E877009689D7 /* AppDelegate.swift */; };
		8FB13B3A1A86E877009689D7 /* ViewController.swift in Sources */ = {isa = PBXBuildFile; fileRef = 8FB13B391A86E877009689D7 /* ViewController.swift */; };
		8FB13B3D1A86E877009689D7 /* Main.storyboard in Resources */ = {isa = PBXBuildFile; fileRef = 8FB13B3B1A86E877009689D7 /* Main.storyboard */; };
		8FB13B3F1A86E877009689D7 /* Images.xcassets in Resources */ = {isa = PBXBuildFile; fileRef = 8FB13B3E1A86E877009689D7 /* Images.xcassets */; };
		8FB13B421A86E877009689D7 /* LaunchScreen.xib in Resources */ = {isa = PBXBuildFile; fileRef = 8FB13B401A86E877009689D7 /* LaunchScreen.xib */; };
		8FB13B4E1A86E877009689D7 /* BundlerTests.swift in Sources */ = {isa = PBXBuildFile; fileRef = 8FB13B4D1A86E877009689D7 /* BundlerTests.swift */; };
		8FB13B581A86EDF3009689D7 /* CustomTableViewCell.xib in Resources */ = {isa = PBXBuildFile; fileRef = 8FB13B571A86EDF3009689D7 /* CustomTableViewCell.xib */; };
		8FB13B5A1A86EE4B009689D7 /* ResultViewController.swift in Sources */ = {isa = PBXBuildFile; fileRef = 8FB13B591A86EE4B009689D7 /* ResultViewController.swift */; };
		8FB13B5E1A873B9E009689D7 /* DetailViewController.swift in Sources */ = {isa = PBXBuildFile; fileRef = 8FB13B5D1A873B9E009689D7 /* DetailViewController.swift */; };
		8FB13B601A873E8E009689D7 /* DetailViewTableCell.xib in Resources */ = {isa = PBXBuildFile; fileRef = 8FB13B5F1A873E8E009689D7 /* DetailViewTableCell.xib */; };
/* End PBXBuildFile section */

/* Begin PBXContainerItemProxy section */
		8F110D971A87E64500D0D292 /* PBXContainerItemProxy */ = {
			isa = PBXContainerItemProxy;
			containerPortal = 76EAC0A81A87CCD900484059 /* Alamofire.xcodeproj */;
			proxyType = 2;
			remoteGlobalIDString = F8111E3319A95C8B0040E7D1;
			remoteInfo = "Alamofire iOS";
		};
		8F110D991A87E64500D0D292 /* PBXContainerItemProxy */ = {
			isa = PBXContainerItemProxy;
			containerPortal = 76EAC0A81A87CCD900484059 /* Alamofire.xcodeproj */;
			proxyType = 2;
			remoteGlobalIDString = 4DD67C0B1A5C55C900ED2280;
			remoteInfo = "Alamofire OSX";
		};
		8F110D9B1A87E64500D0D292 /* PBXContainerItemProxy */ = {
			isa = PBXContainerItemProxy;
			containerPortal = 76EAC0A81A87CCD900484059 /* Alamofire.xcodeproj */;
			proxyType = 2;
			remoteGlobalIDString = F8111E3E19A95C8B0040E7D1;
			remoteInfo = "Alamofire iOS Tests";
		};
		8F110D9D1A87E64500D0D292 /* PBXContainerItemProxy */ = {
			isa = PBXContainerItemProxy;
			containerPortal = 76EAC0A81A87CCD900484059 /* Alamofire.xcodeproj */;
			proxyType = 2;
			remoteGlobalIDString = F829C6B21A7A94F100A2CD59;
			remoteInfo = "Alamofire OSX Tests";
		};
		8F110D9F1A87E82700D0D292 /* PBXContainerItemProxy */ = {
			isa = PBXContainerItemProxy;
			containerPortal = 76EAC0A81A87CCD900484059 /* Alamofire.xcodeproj */;
			proxyType = 1;
			remoteGlobalIDString = F8111E3219A95C8B0040E7D1;
			remoteInfo = "Alamofire iOS";
		};
		8F110DA41A87E86F00D0D292 /* PBXContainerItemProxy */ = {
			isa = PBXContainerItemProxy;
			containerPortal = 76EAC0A81A87CCD900484059 /* Alamofire.xcodeproj */;
			proxyType = 1;
			remoteGlobalIDString = F8111E3219A95C8B0040E7D1;
			remoteInfo = "Alamofire iOS";
		};
		8FB13B481A86E877009689D7 /* PBXContainerItemProxy */ = {
			isa = PBXContainerItemProxy;
			containerPortal = 8FB13B2A1A86E877009689D7 /* Project object */;
			proxyType = 1;
			remoteGlobalIDString = 8FB13B311A86E877009689D7;
			remoteInfo = Bundler;
		};
/* End PBXContainerItemProxy section */

/* Begin PBXCopyFilesBuildPhase section */
		8F110DA61A87E86F00D0D292 /* Embed Frameworks */ = {
			isa = PBXCopyFilesBuildPhase;
			buildActionMask = 2147483647;
			dstPath = "";
			dstSubfolderSpec = 10;
			files = (
				8F110DA31A87E86F00D0D292 /* Alamofire.framework in Embed Frameworks */,
			);
			name = "Embed Frameworks";
			runOnlyForDeploymentPostprocessing = 0;
		};
/* End PBXCopyFilesBuildPhase section */

/* Begin PBXFileReference section */
		2FA976CD1A87EDF900E0024E /* Bundle.swift */ = {isa = PBXFileReference; fileEncoding = 4; lastKnownFileType = sourcecode.swift; path = Bundle.swift; sourceTree = "<group>"; };
		2FA976D21A87F07A00E0024E /* ProductTableViewCell.xib */ = {isa = PBXFileReference; fileEncoding = 4; lastKnownFileType = file.xib; path = ProductTableViewCell.xib; sourceTree = "<group>"; };
		2FA976D41A87F1C000E0024E /* LocalAuthentication.framework */ = {isa = PBXFileReference; lastKnownFileType = wrapper.framework; name = LocalAuthentication.framework; path = System/Library/Frameworks/LocalAuthentication.framework; sourceTree = SDKROOT; };
		76EAC0A01A8707C700484059 /* ProductPull.swift */ = {isa = PBXFileReference; fileEncoding = 4; lastKnownFileType = sourcecode.swift; name = ProductPull.swift; path = ../ProductPull.swift; sourceTree = "<group>"; };
		76EAC0A81A87CCD900484059 /* Alamofire.xcodeproj */ = {isa = PBXFileReference; lastKnownFileType = "wrapper.pb-project"; name = Alamofire.xcodeproj; path = ../../Alamofire/Alamofire.xcodeproj; sourceTree = "<group>"; };
		8F110DA81A87EA3F00D0D292 /* NewBundleViewController.swift */ = {isa = PBXFileReference; fileEncoding = 4; lastKnownFileType = sourcecode.swift; path = NewBundleViewController.swift; sourceTree = "<group>"; };
		8F2B60CD1A87F3F200633699 /* Bundle.swift */ = {isa = PBXFileReference; fileEncoding = 4; lastKnownFileType = sourcecode.swift; name = Bundle.swift; path = ../../../../../../../Volumes/USB20FD/Bundle.swift; sourceTree = "<group>"; };
		8FB13B321A86E877009689D7 /* Bundler.app */ = {isa = PBXFileReference; explicitFileType = wrapper.application; includeInIndex = 0; path = Bundler.app; sourceTree = BUILT_PRODUCTS_DIR; };
		8FB13B361A86E877009689D7 /* Info.plist */ = {isa = PBXFileReference; lastKnownFileType = text.plist.xml; path = Info.plist; sourceTree = "<group>"; };
		8FB13B371A86E877009689D7 /* AppDelegate.swift */ = {isa = PBXFileReference; lastKnownFileType = sourcecode.swift; path = AppDelegate.swift; sourceTree = "<group>"; };
		8FB13B391A86E877009689D7 /* ViewController.swift */ = {isa = PBXFileReference; lastKnownFileType = sourcecode.swift; path = ViewController.swift; sourceTree = "<group>"; };
		8FB13B3C1A86E877009689D7 /* Base */ = {isa = PBXFileReference; lastKnownFileType = file.storyboard; name = Base; path = Base.lproj/Main.storyboard; sourceTree = "<group>"; };
		8FB13B3E1A86E877009689D7 /* Images.xcassets */ = {isa = PBXFileReference; lastKnownFileType = folder.assetcatalog; path = Images.xcassets; sourceTree = "<group>"; };
		8FB13B411A86E877009689D7 /* Base */ = {isa = PBXFileReference; lastKnownFileType = file.xib; name = Base; path = Base.lproj/LaunchScreen.xib; sourceTree = "<group>"; };
		8FB13B471A86E877009689D7 /* BundlerTests.xctest */ = {isa = PBXFileReference; explicitFileType = wrapper.cfbundle; includeInIndex = 0; path = BundlerTests.xctest; sourceTree = BUILT_PRODUCTS_DIR; };
		8FB13B4C1A86E877009689D7 /* Info.plist */ = {isa = PBXFileReference; lastKnownFileType = text.plist.xml; path = Info.plist; sourceTree = "<group>"; };
		8FB13B4D1A86E877009689D7 /* BundlerTests.swift */ = {isa = PBXFileReference; lastKnownFileType = sourcecode.swift; path = BundlerTests.swift; sourceTree = "<group>"; };
		8FB13B571A86EDF3009689D7 /* CustomTableViewCell.xib */ = {isa = PBXFileReference; fileEncoding = 4; lastKnownFileType = file.xib; path = CustomTableViewCell.xib; sourceTree = "<group>"; };
		8FB13B591A86EE4B009689D7 /* ResultViewController.swift */ = {isa = PBXFileReference; fileEncoding = 4; lastKnownFileType = sourcecode.swift; path = ResultViewController.swift; sourceTree = "<group>"; };
		8FB13B5D1A873B9E009689D7 /* DetailViewController.swift */ = {isa = PBXFileReference; fileEncoding = 4; lastKnownFileType = sourcecode.swift; path = DetailViewController.swift; sourceTree = "<group>"; };
		8FB13B5F1A873E8E009689D7 /* DetailViewTableCell.xib */ = {isa = PBXFileReference; fileEncoding = 4; lastKnownFileType = file.xib; path = DetailViewTableCell.xib; sourceTree = "<group>"; };
/* End PBXFileReference section */

/* Begin PBXFrameworksBuildPhase section */
		8FB13B2F1A86E877009689D7 /* Frameworks */ = {
			isa = PBXFrameworksBuildPhase;
			buildActionMask = 2147483647;
			files = (
				2FA976D51A87F1C000E0024E /* LocalAuthentication.framework in Frameworks */,
				8F110DA11A87E83500D0D292 /* Alamofire.framework in Frameworks */,
				8F110DA21A87E86F00D0D292 /* Alamofire.framework in Frameworks */,
			);
			runOnlyForDeploymentPostprocessing = 0;
		};
		8FB13B441A86E877009689D7 /* Frameworks */ = {
			isa = PBXFrameworksBuildPhase;
			buildActionMask = 2147483647;
			files = (
			);
			runOnlyForDeploymentPostprocessing = 0;
		};
/* End PBXFrameworksBuildPhase section */

/* Begin PBXGroup section */
		8F110D911A87E64500D0D292 /* Products */ = {
			isa = PBXGroup;
			children = (
				8F110D981A87E64500D0D292 /* Alamofire.framework */,
				8F110D9A1A87E64500D0D292 /* Alamofire.framework */,
				8F110D9C1A87E64500D0D292 /* Alamofire iOS Tests.xctest */,
				8F110D9E1A87E64500D0D292 /* Alamofire OSX Tests.xctest */,
			);
			name = Products;
			sourceTree = "<group>";
		};
		8FB13B291A86E877009689D7 = {
			isa = PBXGroup;
			children = (
				2FA976D41A87F1C000E0024E /* LocalAuthentication.framework */,
				8FB13B341A86E877009689D7 /* Bundler */,
				8FB13B4A1A86E877009689D7 /* BundlerTests */,
				8FB13B331A86E877009689D7 /* Products */,
			);
			sourceTree = "<group>";
		};
		8FB13B331A86E877009689D7 /* Products */ = {
			isa = PBXGroup;
			children = (
				8FB13B321A86E877009689D7 /* Bundler.app */,
				8FB13B471A86E877009689D7 /* BundlerTests.xctest */,
			);
			name = Products;
			sourceTree = "<group>";
		};
		8FB13B341A86E877009689D7 /* Bundler */ = {
			isa = PBXGroup;
			children = (
<<<<<<< HEAD
				8F2B60CD1A87F3F200633699 /* Bundle.swift */,
=======
				2FA976CD1A87EDF900E0024E /* Bundle.swift */,
>>>>>>> 673d4e717ce5708017477f59a7907ff781117888
				76EAC0A01A8707C700484059 /* ProductPull.swift */,
				8FB13B371A86E877009689D7 /* AppDelegate.swift */,
				8FB13B391A86E877009689D7 /* ViewController.swift */,
				8FB13B591A86EE4B009689D7 /* ResultViewController.swift */,
				8FB13B5D1A873B9E009689D7 /* DetailViewController.swift */,
				8F110DA81A87EA3F00D0D292 /* NewBundleViewController.swift */,
				8FB13B3B1A86E877009689D7 /* Main.storyboard */,
				8FB13B571A86EDF3009689D7 /* CustomTableViewCell.xib */,
				2FA976D21A87F07A00E0024E /* ProductTableViewCell.xib */,
				8FB13B5F1A873E8E009689D7 /* DetailViewTableCell.xib */,
				8FB13B3E1A86E877009689D7 /* Images.xcassets */,
				8FB13B401A86E877009689D7 /* LaunchScreen.xib */,
				8FB13B351A86E877009689D7 /* Supporting Files */,
			);
			path = Bundler;
			sourceTree = "<group>";
		};
		8FB13B351A86E877009689D7 /* Supporting Files */ = {
			isa = PBXGroup;
			children = (
				8FB13B361A86E877009689D7 /* Info.plist */,
			);
			name = "Supporting Files";
			sourceTree = "<group>";
		};
		8FB13B4A1A86E877009689D7 /* BundlerTests */ = {
			isa = PBXGroup;
			children = (
				8FB13B4D1A86E877009689D7 /* BundlerTests.swift */,
				8FB13B4B1A86E877009689D7 /* Supporting Files */,
			);
			path = BundlerTests;
			sourceTree = "<group>";
		};
		8FB13B4B1A86E877009689D7 /* Supporting Files */ = {
			isa = PBXGroup;
			children = (
				76EAC0A81A87CCD900484059 /* Alamofire.xcodeproj */,
				8FB13B4C1A86E877009689D7 /* Info.plist */,
			);
			name = "Supporting Files";
			sourceTree = "<group>";
		};
/* End PBXGroup section */

/* Begin PBXNativeTarget section */
		8FB13B311A86E877009689D7 /* Bundler */ = {
			isa = PBXNativeTarget;
			buildConfigurationList = 8FB13B511A86E877009689D7 /* Build configuration list for PBXNativeTarget "Bundler" */;
			buildPhases = (
				8FB13B2E1A86E877009689D7 /* Sources */,
				8FB13B2F1A86E877009689D7 /* Frameworks */,
				8FB13B301A86E877009689D7 /* Resources */,
				8F110DA61A87E86F00D0D292 /* Embed Frameworks */,
			);
			buildRules = (
			);
			dependencies = (
				8F110DA01A87E82700D0D292 /* PBXTargetDependency */,
				8F110DA51A87E86F00D0D292 /* PBXTargetDependency */,
			);
			name = Bundler;
			productName = Bundler;
			productReference = 8FB13B321A86E877009689D7 /* Bundler.app */;
			productType = "com.apple.product-type.application";
		};
		8FB13B461A86E877009689D7 /* BundlerTests */ = {
			isa = PBXNativeTarget;
			buildConfigurationList = 8FB13B541A86E877009689D7 /* Build configuration list for PBXNativeTarget "BundlerTests" */;
			buildPhases = (
				8FB13B431A86E877009689D7 /* Sources */,
				8FB13B441A86E877009689D7 /* Frameworks */,
				8FB13B451A86E877009689D7 /* Resources */,
			);
			buildRules = (
			);
			dependencies = (
				8FB13B491A86E877009689D7 /* PBXTargetDependency */,
			);
			name = BundlerTests;
			productName = BundlerTests;
			productReference = 8FB13B471A86E877009689D7 /* BundlerTests.xctest */;
			productType = "com.apple.product-type.bundle.unit-test";
		};
/* End PBXNativeTarget section */

/* Begin PBXProject section */
		8FB13B2A1A86E877009689D7 /* Project object */ = {
			isa = PBXProject;
			attributes = {
				LastUpgradeCheck = 0610;
				ORGANIZATIONNAME = "Sujith Vishwajith";
				TargetAttributes = {
					8FB13B311A86E877009689D7 = {
						CreatedOnToolsVersion = 6.1.1;
						DevelopmentTeam = Z2C9XZNEUU;
					};
					8FB13B461A86E877009689D7 = {
						CreatedOnToolsVersion = 6.1.1;
						TestTargetID = 8FB13B311A86E877009689D7;
					};
				};
			};
			buildConfigurationList = 8FB13B2D1A86E877009689D7 /* Build configuration list for PBXProject "Bundler" */;
			compatibilityVersion = "Xcode 3.2";
			developmentRegion = English;
			hasScannedForEncodings = 0;
			knownRegions = (
				en,
				Base,
			);
			mainGroup = 8FB13B291A86E877009689D7;
			productRefGroup = 8FB13B331A86E877009689D7 /* Products */;
			projectDirPath = "";
			projectReferences = (
				{
					ProductGroup = 8F110D911A87E64500D0D292 /* Products */;
					ProjectRef = 76EAC0A81A87CCD900484059 /* Alamofire.xcodeproj */;
				},
			);
			projectRoot = "";
			targets = (
				8FB13B311A86E877009689D7 /* Bundler */,
				8FB13B461A86E877009689D7 /* BundlerTests */,
			);
		};
/* End PBXProject section */

/* Begin PBXReferenceProxy section */
		8F110D981A87E64500D0D292 /* Alamofire.framework */ = {
			isa = PBXReferenceProxy;
			fileType = wrapper.framework;
			path = Alamofire.framework;
			remoteRef = 8F110D971A87E64500D0D292 /* PBXContainerItemProxy */;
			sourceTree = BUILT_PRODUCTS_DIR;
		};
		8F110D9A1A87E64500D0D292 /* Alamofire.framework */ = {
			isa = PBXReferenceProxy;
			fileType = wrapper.framework;
			path = Alamofire.framework;
			remoteRef = 8F110D991A87E64500D0D292 /* PBXContainerItemProxy */;
			sourceTree = BUILT_PRODUCTS_DIR;
		};
		8F110D9C1A87E64500D0D292 /* Alamofire iOS Tests.xctest */ = {
			isa = PBXReferenceProxy;
			fileType = wrapper.cfbundle;
			path = "Alamofire iOS Tests.xctest";
			remoteRef = 8F110D9B1A87E64500D0D292 /* PBXContainerItemProxy */;
			sourceTree = BUILT_PRODUCTS_DIR;
		};
		8F110D9E1A87E64500D0D292 /* Alamofire OSX Tests.xctest */ = {
			isa = PBXReferenceProxy;
			fileType = wrapper.cfbundle;
			path = "Alamofire OSX Tests.xctest";
			remoteRef = 8F110D9D1A87E64500D0D292 /* PBXContainerItemProxy */;
			sourceTree = BUILT_PRODUCTS_DIR;
		};
/* End PBXReferenceProxy section */

/* Begin PBXResourcesBuildPhase section */
		8FB13B301A86E877009689D7 /* Resources */ = {
			isa = PBXResourcesBuildPhase;
			buildActionMask = 2147483647;
			files = (
				8FB13B3D1A86E877009689D7 /* Main.storyboard in Resources */,
				2FA976D31A87F07A00E0024E /* ProductTableViewCell.xib in Resources */,
				8FB13B421A86E877009689D7 /* LaunchScreen.xib in Resources */,
				8FB13B581A86EDF3009689D7 /* CustomTableViewCell.xib in Resources */,
				8FB13B601A873E8E009689D7 /* DetailViewTableCell.xib in Resources */,
				8FB13B3F1A86E877009689D7 /* Images.xcassets in Resources */,
			);
			runOnlyForDeploymentPostprocessing = 0;
		};
		8FB13B451A86E877009689D7 /* Resources */ = {
			isa = PBXResourcesBuildPhase;
			buildActionMask = 2147483647;
			files = (
			);
			runOnlyForDeploymentPostprocessing = 0;
		};
/* End PBXResourcesBuildPhase section */

/* Begin PBXSourcesBuildPhase section */
		8FB13B2E1A86E877009689D7 /* Sources */ = {
			isa = PBXSourcesBuildPhase;
			buildActionMask = 2147483647;
			files = (
				8FB13B3A1A86E877009689D7 /* ViewController.swift in Sources */,
<<<<<<< HEAD
				8F2B60CE1A87F3F200633699 /* Bundle.swift in Sources */,
=======
				2FA976CE1A87EDF900E0024E /* Bundle.swift in Sources */,
>>>>>>> 673d4e717ce5708017477f59a7907ff781117888
				8FB13B381A86E877009689D7 /* AppDelegate.swift in Sources */,
				76EAC0A11A8707C700484059 /* ProductPull.swift in Sources */,
				8F110DA91A87EA3F00D0D292 /* NewBundleViewController.swift in Sources */,
				8FB13B5A1A86EE4B009689D7 /* ResultViewController.swift in Sources */,
				8FB13B5E1A873B9E009689D7 /* DetailViewController.swift in Sources */,
			);
			runOnlyForDeploymentPostprocessing = 0;
		};
		8FB13B431A86E877009689D7 /* Sources */ = {
			isa = PBXSourcesBuildPhase;
			buildActionMask = 2147483647;
			files = (
				8FB13B4E1A86E877009689D7 /* BundlerTests.swift in Sources */,
			);
			runOnlyForDeploymentPostprocessing = 0;
		};
/* End PBXSourcesBuildPhase section */

/* Begin PBXTargetDependency section */
		8F110DA01A87E82700D0D292 /* PBXTargetDependency */ = {
			isa = PBXTargetDependency;
			name = "Alamofire iOS";
			targetProxy = 8F110D9F1A87E82700D0D292 /* PBXContainerItemProxy */;
		};
		8F110DA51A87E86F00D0D292 /* PBXTargetDependency */ = {
			isa = PBXTargetDependency;
			name = "Alamofire iOS";
			targetProxy = 8F110DA41A87E86F00D0D292 /* PBXContainerItemProxy */;
		};
		8FB13B491A86E877009689D7 /* PBXTargetDependency */ = {
			isa = PBXTargetDependency;
			target = 8FB13B311A86E877009689D7 /* Bundler */;
			targetProxy = 8FB13B481A86E877009689D7 /* PBXContainerItemProxy */;
		};
/* End PBXTargetDependency section */

/* Begin PBXVariantGroup section */
		8FB13B3B1A86E877009689D7 /* Main.storyboard */ = {
			isa = PBXVariantGroup;
			children = (
				8FB13B3C1A86E877009689D7 /* Base */,
			);
			name = Main.storyboard;
			sourceTree = "<group>";
		};
		8FB13B401A86E877009689D7 /* LaunchScreen.xib */ = {
			isa = PBXVariantGroup;
			children = (
				8FB13B411A86E877009689D7 /* Base */,
			);
			name = LaunchScreen.xib;
			sourceTree = "<group>";
		};
/* End PBXVariantGroup section */

/* Begin XCBuildConfiguration section */
		8FB13B4F1A86E877009689D7 /* Debug */ = {
			isa = XCBuildConfiguration;
			buildSettings = {
				ALWAYS_SEARCH_USER_PATHS = NO;
				CLANG_CXX_LANGUAGE_STANDARD = "gnu++0x";
				CLANG_CXX_LIBRARY = "libc++";
				CLANG_ENABLE_MODULES = YES;
				CLANG_ENABLE_OBJC_ARC = YES;
				CLANG_WARN_BOOL_CONVERSION = YES;
				CLANG_WARN_CONSTANT_CONVERSION = YES;
				CLANG_WARN_DIRECT_OBJC_ISA_USAGE = YES_ERROR;
				CLANG_WARN_EMPTY_BODY = YES;
				CLANG_WARN_ENUM_CONVERSION = YES;
				CLANG_WARN_INT_CONVERSION = YES;
				CLANG_WARN_OBJC_ROOT_CLASS = YES_ERROR;
				CLANG_WARN_UNREACHABLE_CODE = YES;
				CLANG_WARN__DUPLICATE_METHOD_MATCH = YES;
				"CODE_SIGN_IDENTITY[sdk=iphoneos*]" = "iPhone Developer";
				COPY_PHASE_STRIP = NO;
				ENABLE_STRICT_OBJC_MSGSEND = YES;
				GCC_C_LANGUAGE_STANDARD = gnu99;
				GCC_DYNAMIC_NO_PIC = NO;
				GCC_OPTIMIZATION_LEVEL = 0;
				GCC_PREPROCESSOR_DEFINITIONS = (
					"DEBUG=1",
					"$(inherited)",
				);
				GCC_SYMBOLS_PRIVATE_EXTERN = NO;
				GCC_WARN_64_TO_32_BIT_CONVERSION = YES;
				GCC_WARN_ABOUT_RETURN_TYPE = YES_ERROR;
				GCC_WARN_UNDECLARED_SELECTOR = YES;
				GCC_WARN_UNINITIALIZED_AUTOS = YES_AGGRESSIVE;
				GCC_WARN_UNUSED_FUNCTION = YES;
				GCC_WARN_UNUSED_VARIABLE = YES;
				IPHONEOS_DEPLOYMENT_TARGET = 8.1;
				MTL_ENABLE_DEBUG_INFO = YES;
				ONLY_ACTIVE_ARCH = YES;
				SDKROOT = iphoneos;
				SWIFT_OPTIMIZATION_LEVEL = "-Onone";
			};
			name = Debug;
		};
		8FB13B501A86E877009689D7 /* Release */ = {
			isa = XCBuildConfiguration;
			buildSettings = {
				ALWAYS_SEARCH_USER_PATHS = NO;
				CLANG_CXX_LANGUAGE_STANDARD = "gnu++0x";
				CLANG_CXX_LIBRARY = "libc++";
				CLANG_ENABLE_MODULES = YES;
				CLANG_ENABLE_OBJC_ARC = YES;
				CLANG_WARN_BOOL_CONVERSION = YES;
				CLANG_WARN_CONSTANT_CONVERSION = YES;
				CLANG_WARN_DIRECT_OBJC_ISA_USAGE = YES_ERROR;
				CLANG_WARN_EMPTY_BODY = YES;
				CLANG_WARN_ENUM_CONVERSION = YES;
				CLANG_WARN_INT_CONVERSION = YES;
				CLANG_WARN_OBJC_ROOT_CLASS = YES_ERROR;
				CLANG_WARN_UNREACHABLE_CODE = YES;
				CLANG_WARN__DUPLICATE_METHOD_MATCH = YES;
				"CODE_SIGN_IDENTITY[sdk=iphoneos*]" = "iPhone Developer";
				COPY_PHASE_STRIP = YES;
				ENABLE_NS_ASSERTIONS = NO;
				ENABLE_STRICT_OBJC_MSGSEND = YES;
				GCC_C_LANGUAGE_STANDARD = gnu99;
				GCC_WARN_64_TO_32_BIT_CONVERSION = YES;
				GCC_WARN_ABOUT_RETURN_TYPE = YES_ERROR;
				GCC_WARN_UNDECLARED_SELECTOR = YES;
				GCC_WARN_UNINITIALIZED_AUTOS = YES_AGGRESSIVE;
				GCC_WARN_UNUSED_FUNCTION = YES;
				GCC_WARN_UNUSED_VARIABLE = YES;
				IPHONEOS_DEPLOYMENT_TARGET = 8.1;
				MTL_ENABLE_DEBUG_INFO = NO;
				SDKROOT = iphoneos;
				VALIDATE_PRODUCT = YES;
			};
			name = Release;
		};
		8FB13B521A86E877009689D7 /* Debug */ = {
			isa = XCBuildConfiguration;
			buildSettings = {
				ASSETCATALOG_COMPILER_APPICON_NAME = AppIcon;
				CODE_SIGN_IDENTITY = "iPhone Developer";
				EMBEDDED_CONTENT_CONTAINS_SWIFT = YES;
				INFOPLIST_FILE = Bundler/Info.plist;
				LD_RUNPATH_SEARCH_PATHS = "$(inherited) @executable_path/Frameworks";
				PRODUCT_NAME = "$(TARGET_NAME)";
			};
			name = Debug;
		};
		8FB13B531A86E877009689D7 /* Release */ = {
			isa = XCBuildConfiguration;
			buildSettings = {
				ASSETCATALOG_COMPILER_APPICON_NAME = AppIcon;
				CODE_SIGN_IDENTITY = "iPhone Developer";
				EMBEDDED_CONTENT_CONTAINS_SWIFT = YES;
				INFOPLIST_FILE = Bundler/Info.plist;
				LD_RUNPATH_SEARCH_PATHS = "$(inherited) @executable_path/Frameworks";
				PRODUCT_NAME = "$(TARGET_NAME)";
			};
			name = Release;
		};
		8FB13B551A86E877009689D7 /* Debug */ = {
			isa = XCBuildConfiguration;
			buildSettings = {
				BUNDLE_LOADER = "$(TEST_HOST)";
				FRAMEWORK_SEARCH_PATHS = (
					"$(SDKROOT)/Developer/Library/Frameworks",
					"$(inherited)",
				);
				GCC_PREPROCESSOR_DEFINITIONS = (
					"DEBUG=1",
					"$(inherited)",
				);
				INFOPLIST_FILE = BundlerTests/Info.plist;
				LD_RUNPATH_SEARCH_PATHS = "$(inherited) @executable_path/Frameworks @loader_path/Frameworks";
				PRODUCT_NAME = "$(TARGET_NAME)";
				TEST_HOST = "$(BUILT_PRODUCTS_DIR)/Bundler.app/Bundler";
			};
			name = Debug;
		};
		8FB13B561A86E877009689D7 /* Release */ = {
			isa = XCBuildConfiguration;
			buildSettings = {
				BUNDLE_LOADER = "$(TEST_HOST)";
				FRAMEWORK_SEARCH_PATHS = (
					"$(SDKROOT)/Developer/Library/Frameworks",
					"$(inherited)",
				);
				INFOPLIST_FILE = BundlerTests/Info.plist;
				LD_RUNPATH_SEARCH_PATHS = "$(inherited) @executable_path/Frameworks @loader_path/Frameworks";
				PRODUCT_NAME = "$(TARGET_NAME)";
				TEST_HOST = "$(BUILT_PRODUCTS_DIR)/Bundler.app/Bundler";
			};
			name = Release;
		};
/* End XCBuildConfiguration section */

/* Begin XCConfigurationList section */
		8FB13B2D1A86E877009689D7 /* Build configuration list for PBXProject "Bundler" */ = {
			isa = XCConfigurationList;
			buildConfigurations = (
				8FB13B4F1A86E877009689D7 /* Debug */,
				8FB13B501A86E877009689D7 /* Release */,
			);
			defaultConfigurationIsVisible = 0;
			defaultConfigurationName = Release;
		};
		8FB13B511A86E877009689D7 /* Build configuration list for PBXNativeTarget "Bundler" */ = {
			isa = XCConfigurationList;
			buildConfigurations = (
				8FB13B521A86E877009689D7 /* Debug */,
				8FB13B531A86E877009689D7 /* Release */,
			);
			defaultConfigurationIsVisible = 0;
			defaultConfigurationName = Release;
		};
		8FB13B541A86E877009689D7 /* Build configuration list for PBXNativeTarget "BundlerTests" */ = {
			isa = XCConfigurationList;
			buildConfigurations = (
				8FB13B551A86E877009689D7 /* Debug */,
				8FB13B561A86E877009689D7 /* Release */,
			);
			defaultConfigurationIsVisible = 0;
			defaultConfigurationName = Release;
		};
/* End XCConfigurationList section */
	};
	rootObject = 8FB13B2A1A86E877009689D7 /* Project object */;
}
